<?xml version="1.0" encoding="utf-8"?>
<Project ToolsVersion="4.0" xmlns="http://schemas.microsoft.com/developer/msbuild/2003">
  <ItemGroup>
    <Filter Include="Source Files">
      <UniqueIdentifier>{4FC737F1-C7A5-4376-A066-2A32D752A2FF}</UniqueIdentifier>
      <Extensions>cpp;c;cc;cxx;c++;cppm;ixx;def;odl;idl;hpj;bat;asm;asmx</Extensions>
    </Filter>
    <Filter Include="Header Files">
      <UniqueIdentifier>{93995380-89BD-4b04-88EB-625FBE52EBFB}</UniqueIdentifier>
      <Extensions>h;hh;hpp;hxx;h++;hm;inl;inc;ipp;xsd</Extensions>
    </Filter>
    <Filter Include="Resource Files">
      <UniqueIdentifier>{67DA6AB6-F800-4c08-8B7A-83BB121AAD01}</UniqueIdentifier>
      <Extensions>rc;ico;cur;bmp;dlg;rc2;rct;bin;rgs;gif;jpg;jpeg;jpe;resx;tiff;tif;png;wav;mfcribbon-ms</Extensions>
    </Filter>
  </ItemGroup>
  <ItemGroup>
    <ClCompile Include="103.2NZBloodBank_Main.cpp">
      <Filter>Source Files</Filter>
    </ClCompile>
    <ClCompile Include="RA_displayandprocess_requests.cpp">
      <Filter>Source Files</Filter>
    </ClCompile>
    <ClCompile Include="RA_modifyprofileofrecipient.cpp">
      <Filter>Source Files</Filter>
    </ClCompile>
    <ClCompile Include="RA_viewprofileofrecipient.cpp">
      <Filter>Source Files</Filter>
    </ClCompile>
    <ClCompile Include="recipient_modifyprofile.cpp">
      <Filter>Source Files</Filter>
    </ClCompile>
    <ClCompile Include="recipient_requestform.cpp">
      <Filter>Source Files</Filter>
    </ClCompile>
    <ClCompile Include="recipient_viewprofile.cpp">
      <Filter>Source Files</Filter>
    </ClCompile>
    <ClCompile Include="recipient_viewrequest.cpp">
      <Filter>Source Files</Filter>
    </ClCompile>
    <ClCompile Include="..\1.1 NZ BloodBankUpdated\display_donor_profile.cpp">
      <Filter>Source Files</Filter>
    </ClCompile>
    <ClCompile Include="..\1.1 NZ BloodBankUpdated\donor_registration.cpp">
      <Filter>Source Files</Filter>
    </ClCompile>
    <ClCompile Include="..\1.1 NZ BloodBankUpdated\eligibility_form.cpp">
      <Filter>Source Files</Filter>
    </ClCompile>
    <ClCompile Include="..\1.1 NZ BloodBankUpdated\modify_delete_profile.cpp">
      <Filter>Source Files</Filter>
    </ClCompile>
    <ClCompile Include="..\1.1 NZ BloodBankUpdated\recipient_registration.cpp">
      <Filter>Source Files</Filter>
    </ClCompile>
    <ClCompile Include="..\1.1 NZ BloodBankUpdated\view_appts_and_inventory.cpp">
      <Filter>Source Files</Filter>
    </ClCompile>
    <ClCompile Include="..\1.1 NZ BloodBankUpdated\book_appointment.cpp">
      <Filter>Source Files</Filter>
    </ClCompile>
    <ClCompile Include="displaySystem.cpp">
      <Filter>Source Files</Filter>
    </ClCompile>
  </ItemGroup>
  <ItemGroup>
    <ClInclude Include="RA_displayandprocess_requests.h">
      <Filter>Header Files</Filter>
    </ClInclude>
    <ClInclude Include="RA_modifyprofileofrecipient.h">
      <Filter>Header Files</Filter>
    </ClInclude>
    <ClInclude Include="RA_viewprofileofrecipient.h">
      <Filter>Header Files</Filter>
    </ClInclude>
    <ClInclude Include="recipient_modifyprofile.h">
      <Filter>Header Files</Filter>
    </ClInclude>
    <ClInclude Include="recipient_requestform.h">
      <Filter>Header Files</Filter>
    </ClInclude>
    <ClInclude Include="recipient_viewprofile.h">
      <Filter>Header Files</Filter>
    </ClInclude>
    <ClInclude Include="recipient_viewrequest.h">
      <Filter>Header Files</Filter>
    </ClInclude>
    <ClInclude Include="..\1.1 NZ BloodBankUpdated\display_donor_profile.h">
      <Filter>Header Files</Filter>
    </ClInclude>
    <ClInclude Include="..\1.1 NZ BloodBankUpdated\donor_registration.h">
      <Filter>Header Files</Filter>
    </ClInclude>
    <ClInclude Include="..\1.1 NZ BloodBankUpdated\eligibility_form.h">
      <Filter>Header Files</Filter>
    </ClInclude>
    <ClInclude Include="..\1.1 NZ BloodBankUpdated\modify_delete_profile.h">
      <Filter>Header Files</Filter>
    </ClInclude>
    <ClInclude Include="..\1.1 NZ BloodBankUpdated\recipient_registration.h">
      <Filter>Header Files</Filter>
    </ClInclude>
    <ClInclude Include="..\1.1 NZ BloodBankUpdated\view_appts_and_inventory.h">
      <Filter>Header Files</Filter>
    </ClInclude>
    <ClInclude Include="..\1.1 NZ BloodBankUpdated\book_appointment.h">
      <Filter>Header Files</Filter>
    </ClInclude>
    <ClInclude Include="displaySystem.h">
      <Filter>Header Files</Filter>
    </ClInclude>
  </ItemGroup>
</Project>